
Microsoft Visual Studio Solution File, Format Version 12.00
# Visual Studio Version 17
VisualStudioVersion = 17.3.32929.385
MinimumVisualStudioVersion = 10.0.40219.1
Project("{FAE04EC0-301F-11D3-BF4B-00C04F79EFBC}") = "Bussines", "Bussines\Bussines.csproj", "{2D83BB6F-48E0-4C2D-85AC-9581953613B5}"
EndProject
Project("{FAE04EC0-301F-11D3-BF4B-00C04F79EFBC}") = "DataAccess-bs", "DataAccess-bs\DataAccess-bs.csproj", "{67743DC6-CD1B-4097-A653-BA965EC1F364}"
EndProject
Project("{FAE04EC0-301F-11D3-BF4B-00C04F79EFBC}") = "Core-bs", "Core-bs\Core-bs.csproj", "{6A721857-D45A-450A-ABBF-1BFEA1EF2047}"
EndProject
Global
	GlobalSection(SolutionConfigurationPlatforms) = preSolution
		Debug|Any CPU = Debug|Any CPU
		Release|Any CPU = Release|Any CPU
	EndGlobalSection
	GlobalSection(ProjectConfigurationPlatforms) = postSolution
		{2D83BB6F-48E0-4C2D-85AC-9581953613B5}.Debug|Any CPU.ActiveCfg = Debug|Any CPU
		{2D83BB6F-48E0-4C2D-85AC-9581953613B5}.Debug|Any CPU.Build.0 = Debug|Any CPU
		{2D83BB6F-48E0-4C2D-85AC-9581953613B5}.Release|Any CPU.ActiveCfg = Release|Any CPU
		{2D83BB6F-48E0-4C2D-85AC-9581953613B5}.Release|Any CPU.Build.0 = Release|Any CPU
		{67743DC6-CD1B-4097-A653-BA965EC1F364}.Debug|Any CPU.ActiveCfg = Debug|Any CPU
		{67743DC6-CD1B-4097-A653-BA965EC1F364}.Debug|Any CPU.Build.0 = Debug|Any CPU
		{67743DC6-CD1B-4097-A653-BA965EC1F364}.Release|Any CPU.ActiveCfg = Release|Any CPU
		{67743DC6-CD1B-4097-A653-BA965EC1F364}.Release|Any CPU.Build.0 = Release|Any CPU
		{6A721857-D45A-450A-ABBF-1BFEA1EF2047}.Debug|Any CPU.ActiveCfg = Debug|Any CPU
		{6A721857-D45A-450A-ABBF-1BFEA1EF2047}.Debug|Any CPU.Build.0 = Debug|Any CPU
		{6A721857-D45A-450A-ABBF-1BFEA1EF2047}.Release|Any CPU.ActiveCfg = Release|Any CPU
		{6A721857-D45A-450A-ABBF-1BFEA1EF2047}.Release|Any CPU.Build.0 = Release|Any CPU
	EndGlobalSection
	GlobalSection(SolutionProperties) = preSolution
		HideSolutionNode = FALSE
	EndGlobalSection
	GlobalSection(ExtensibilityGlobals) = postSolution
		SolutionGuid = {86FA849C-B358-45D2-97F0-AAD5010B1294}
	EndGlobalSection
EndGlobal
